
Microsoft Visual Studio Solution File, Format Version 12.00
Project("{2150E333-8FDC-42A3-9474-1A3956D46DE8}") = "src", "src", "{77CDA6E6-FD2A-4789-81B0-7462119DDB39}"
EndProject
Project("{FAE04EC0-301F-11D3-BF4B-00C04F79EFBC}") = "CarRental.UseCase", "src\CarRental.UseCase\CarRental.UseCase.csproj", "{C2C582C7-CD15-457A-B548-B88F00511488}"
EndProject
Project("{FAE04EC0-301F-11D3-BF4B-00C04F79EFBC}") = "CarRental.Infrastructure", "src\CarRental.Infrastructure\CarRental.Infrastructure.csproj", "{AB2EF700-5E27-440D-880F-8B6BD4B590FA}"
EndProject
Project("{FAE04EC0-301F-11D3-BF4B-00C04F79EFBC}") = "CarRental.Api", "src\CarRental.Api\CarRental.Api.csproj", "{82FD7E78-EC69-4533-825B-9FB2C7EDAACA}"
EndProject
Project("{FAE04EC0-301F-11D3-BF4B-00C04F79EFBC}") = "CarRental.SharedKernel", "src\CarRental.SharedKernel\CarRental.SharedKernel.csproj", "{6796D3A6-FE8E-4847-A0BC-BC0575600115}"
EndProject
Project("{FAE04EC0-301F-11D3-BF4B-00C04F79EFBC}") = "CarRental.Infrastructure.Sql", "src\CarRental.Infrastructure.Sql\CarRental.Infrastructure.Sql.csproj", "{B4602D93-4346-43D7-8709-358273E7FE03}"
EndProject
Project("{FAE04EC0-301F-11D3-BF4B-00C04F79EFBC}") = "CarRental.Core", "src\CarRental.Core\CarRental.Core.csproj", "{CD7CEB18-7188-4C60-A741-D89F2A61BE70}"
EndProject
Project("{2150E333-8FDC-42A3-9474-1A3956D46DE8}") = "test", "test", "{CC2B78F1-BB74-484B-8C8F-CC2E016CBC79}"
EndProject
Project("{FAE04EC0-301F-11D3-BF4B-00C04F79EFBC}") = "CarRental.Tests", "test\CarRental.Tests\CarRental.Tests.csproj", "{C7FDEBCD-0175-434D-B329-CB98D8B4D7C3}"
EndProject
Global
	GlobalSection(SolutionConfigurationPlatforms) = preSolution
		Debug|Any CPU = Debug|Any CPU
		Release|Any CPU = Release|Any CPU
	EndGlobalSection
	GlobalSection(ProjectConfigurationPlatforms) = postSolution
		{C2C582C7-CD15-457A-B548-B88F00511488}.Debug|Any CPU.ActiveCfg = Debug|Any CPU
		{C2C582C7-CD15-457A-B548-B88F00511488}.Debug|Any CPU.Build.0 = Debug|Any CPU
		{C2C582C7-CD15-457A-B548-B88F00511488}.Release|Any CPU.ActiveCfg = Release|Any CPU
		{C2C582C7-CD15-457A-B548-B88F00511488}.Release|Any CPU.Build.0 = Release|Any CPU
		{AB2EF700-5E27-440D-880F-8B6BD4B590FA}.Debug|Any CPU.ActiveCfg = Debug|Any CPU
		{AB2EF700-5E27-440D-880F-8B6BD4B590FA}.Debug|Any CPU.Build.0 = Debug|Any CPU
		{AB2EF700-5E27-440D-880F-8B6BD4B590FA}.Release|Any CPU.ActiveCfg = Release|Any CPU
		{AB2EF700-5E27-440D-880F-8B6BD4B590FA}.Release|Any CPU.Build.0 = Release|Any CPU
		{82FD7E78-EC69-4533-825B-9FB2C7EDAACA}.Debug|Any CPU.ActiveCfg = Debug|Any CPU
		{82FD7E78-EC69-4533-825B-9FB2C7EDAACA}.Debug|Any CPU.Build.0 = Debug|Any CPU
		{82FD7E78-EC69-4533-825B-9FB2C7EDAACA}.Release|Any CPU.ActiveCfg = Release|Any CPU
		{82FD7E78-EC69-4533-825B-9FB2C7EDAACA}.Release|Any CPU.Build.0 = Release|Any CPU
		{6796D3A6-FE8E-4847-A0BC-BC0575600115}.Debug|Any CPU.ActiveCfg = Debug|Any CPU
		{6796D3A6-FE8E-4847-A0BC-BC0575600115}.Debug|Any CPU.Build.0 = Debug|Any CPU
		{6796D3A6-FE8E-4847-A0BC-BC0575600115}.Release|Any CPU.ActiveCfg = Release|Any CPU
		{6796D3A6-FE8E-4847-A0BC-BC0575600115}.Release|Any CPU.Build.0 = Release|Any CPU
		{B4602D93-4346-43D7-8709-358273E7FE03}.Debug|Any CPU.ActiveCfg = Debug|Any CPU
		{B4602D93-4346-43D7-8709-358273E7FE03}.Debug|Any CPU.Build.0 = Debug|Any CPU
		{B4602D93-4346-43D7-8709-358273E7FE03}.Release|Any CPU.ActiveCfg = Release|Any CPU
		{B4602D93-4346-43D7-8709-358273E7FE03}.Release|Any CPU.Build.0 = Release|Any CPU
		{CD7CEB18-7188-4C60-A741-D89F2A61BE70}.Debug|Any CPU.ActiveCfg = Debug|Any CPU
		{CD7CEB18-7188-4C60-A741-D89F2A61BE70}.Debug|Any CPU.Build.0 = Debug|Any CPU
		{CD7CEB18-7188-4C60-A741-D89F2A61BE70}.Release|Any CPU.ActiveCfg = Release|Any CPU
		{CD7CEB18-7188-4C60-A741-D89F2A61BE70}.Release|Any CPU.Build.0 = Release|Any CPU
		{C7FDEBCD-0175-434D-B329-CB98D8B4D7C3}.Debug|Any CPU.ActiveCfg = Debug|Any CPU
		{C7FDEBCD-0175-434D-B329-CB98D8B4D7C3}.Debug|Any CPU.Build.0 = Debug|Any CPU
		{C7FDEBCD-0175-434D-B329-CB98D8B4D7C3}.Release|Any CPU.ActiveCfg = Release|Any CPU
		{C7FDEBCD-0175-434D-B329-CB98D8B4D7C3}.Release|Any CPU.Build.0 = Release|Any CPU
	EndGlobalSection
	GlobalSection(NestedProjects) = preSolution
		{C2C582C7-CD15-457A-B548-B88F00511488} = {77CDA6E6-FD2A-4789-81B0-7462119DDB39}
		{AB2EF700-5E27-440D-880F-8B6BD4B590FA} = {77CDA6E6-FD2A-4789-81B0-7462119DDB39}
		{82FD7E78-EC69-4533-825B-9FB2C7EDAACA} = {77CDA6E6-FD2A-4789-81B0-7462119DDB39}
		{6796D3A6-FE8E-4847-A0BC-BC0575600115} = {77CDA6E6-FD2A-4789-81B0-7462119DDB39}
		{B4602D93-4346-43D7-8709-358273E7FE03} = {77CDA6E6-FD2A-4789-81B0-7462119DDB39}
		{CD7CEB18-7188-4C60-A741-D89F2A61BE70} = {77CDA6E6-FD2A-4789-81B0-7462119DDB39}
		{C7FDEBCD-0175-434D-B329-CB98D8B4D7C3} = {CC2B78F1-BB74-484B-8C8F-CC2E016CBC79}
	EndGlobalSection
EndGlobal
